// !$*UTF8*$!
{
	archiveVersion = 1;
	classes = {
	};
	objectVersion = 50;
	objects = {

/* Begin PBXBuildFile section */
		A6F4652725592A3E0049E7FB /* AppDelegate.swift in Sources */ = {isa = PBXBuildFile; fileRef = A6F4652625592A3E0049E7FB /* AppDelegate.swift */; };
		A6F4652925592A3E0049E7FB /* SceneDelegate.swift in Sources */ = {isa = PBXBuildFile; fileRef = A6F4652825592A3E0049E7FB /* SceneDelegate.swift */; };
		A6F4652B25592A3E0049E7FB /* ViewController.swift in Sources */ = {isa = PBXBuildFile; fileRef = A6F4652A25592A3E0049E7FB /* ViewController.swift */; };
		A6F4653025592A3F0049E7FB /* Assets.xcassets in Resources */ = {isa = PBXBuildFile; fileRef = A6F4652F25592A3F0049E7FB /* Assets.xcassets */; };
		A6F4653325592A3F0049E7FB /* LaunchScreen.storyboard in Resources */ = {isa = PBXBuildFile; fileRef = A6F4653125592A3F0049E7FB /* LaunchScreen.storyboard */; };
		A6F4653E25592A3F0049E7FB /* TestScrollTests.swift in Sources */ = {isa = PBXBuildFile; fileRef = A6F4653D25592A3F0049E7FB /* TestScrollTests.swift */; };
		A6F4654925592A3F0049E7FB /* TestScrollUITests.swift in Sources */ = {isa = PBXBuildFile; fileRef = A6F4654825592A3F0049E7FB /* TestScrollUITests.swift */; };
		A6F4656325593A140049E7FB /* Test2ViewController.swift in Sources */ = {isa = PBXBuildFile; fileRef = A6F4656225593A140049E7FB /* Test2ViewController.swift */; };
/* End PBXBuildFile section */

/* Begin PBXContainerItemProxy section */
		A6F4653A25592A3F0049E7FB /* PBXContainerItemProxy */ = {
			isa = PBXContainerItemProxy;
			containerPortal = A6F4651B25592A3E0049E7FB /* Project object */;
			proxyType = 1;
			remoteGlobalIDString = A6F4652225592A3E0049E7FB;
			remoteInfo = TestScroll;
		};
		A6F4654525592A3F0049E7FB /* PBXContainerItemProxy */ = {
			isa = PBXContainerItemProxy;
			containerPortal = A6F4651B25592A3E0049E7FB /* Project object */;
			proxyType = 1;
			remoteGlobalIDString = A6F4652225592A3E0049E7FB;
			remoteInfo = TestScroll;
		};
/* End PBXContainerItemProxy section */

/* Begin PBXFileReference section */
		A6F4652325592A3E0049E7FB /* TestScroll.app */ = {isa = PBXFileReference; explicitFileType = wrapper.application; includeInIndex = 0; path = TestScroll.app; sourceTree = BUILT_PRODUCTS_DIR; };
		A6F4652625592A3E0049E7FB /* AppDelegate.swift */ = {isa = PBXFileReference; lastKnownFileType = sourcecode.swift; path = AppDelegate.swift; sourceTree = "<group>"; };
		A6F4652825592A3E0049E7FB /* SceneDelegate.swift */ = {isa = PBXFileReference; lastKnownFileType = sourcecode.swift; path = SceneDelegate.swift; sourceTree = "<group>"; };
		A6F4652A25592A3E0049E7FB /* ViewController.swift */ = {isa = PBXFileReference; lastKnownFileType = sourcecode.swift; path = ViewController.swift; sourceTree = "<group>"; };
		A6F4652F25592A3F0049E7FB /* Assets.xcassets */ = {isa = PBXFileReference; lastKnownFileType = folder.assetcatalog; path = Assets.xcassets; sourceTree = "<group>"; };
		A6F4653225592A3F0049E7FB /* Base */ = {isa = PBXFileReference; lastKnownFileType = file.storyboard; name = Base; path = Base.lproj/LaunchScreen.storyboard; sourceTree = "<group>"; };
		A6F4653425592A3F0049E7FB /* Info.plist */ = {isa = PBXFileReference; lastKnownFileType = text.plist.xml; path = Info.plist; sourceTree = "<group>"; };
		A6F4653925592A3F0049E7FB /* TestScrollTests.xctest */ = {isa = PBXFileReference; explicitFileType = wrapper.cfbundle; includeInIndex = 0; path = TestScrollTests.xctest; sourceTree = BUILT_PRODUCTS_DIR; };
		A6F4653D25592A3F0049E7FB /* TestScrollTests.swift */ = {isa = PBXFileReference; lastKnownFileType = sourcecode.swift; path = TestScrollTests.swift; sourceTree = "<group>"; };
		A6F4653F25592A3F0049E7FB /* Info.plist */ = {isa = PBXFileReference; lastKnownFileType = text.plist.xml; path = Info.plist; sourceTree = "<group>"; };
		A6F4654425592A3F0049E7FB /* TestScrollUITests.xctest */ = {isa = PBXFileReference; explicitFileType = wrapper.cfbundle; includeInIndex = 0; path = TestScrollUITests.xctest; sourceTree = BUILT_PRODUCTS_DIR; };
		A6F4654825592A3F0049E7FB /* TestScrollUITests.swift */ = {isa = PBXFileReference; lastKnownFileType = sourcecode.swift; path = TestScrollUITests.swift; sourceTree = "<group>"; };
		A6F4654A25592A3F0049E7FB /* Info.plist */ = {isa = PBXFileReference; lastKnownFileType = text.plist.xml; path = Info.plist; sourceTree = "<group>"; };
		A6F4656225593A140049E7FB /* Test2ViewController.swift */ = {isa = PBXFileReference; lastKnownFileType = sourcecode.swift; path = Test2ViewController.swift; sourceTree = "<group>"; };
/* End PBXFileReference section */

/* Begin PBXFrameworksBuildPhase section */
		A6F4652025592A3E0049E7FB /* Frameworks */ = {
			isa = PBXFrameworksBuildPhase;
			buildActionMask = 2147483647;
			files = (
			);
			runOnlyForDeploymentPostprocessing = 0;
		};
		A6F4653625592A3F0049E7FB /* Frameworks */ = {
			isa = PBXFrameworksBuildPhase;
			buildActionMask = 2147483647;
			files = (
			);
			runOnlyForDeploymentPostprocessing = 0;
		};
		A6F4654125592A3F0049E7FB /* Frameworks */ = {
			isa = PBXFrameworksBuildPhase;
			buildActionMask = 2147483647;
			files = (
			);
			runOnlyForDeploymentPostprocessing = 0;
		};
/* End PBXFrameworksBuildPhase section */

/* Begin PBXGroup section */
		A6F4651A25592A3E0049E7FB = {
			isa = PBXGroup;
			children = (
				A6F4652525592A3E0049E7FB /* TestScroll */,
				A6F4653C25592A3F0049E7FB /* TestScrollTests */,
				A6F4654725592A3F0049E7FB /* TestScrollUITests */,
				A6F4652425592A3E0049E7FB /* Products */,
			);
			sourceTree = "<group>";
		};
		A6F4652425592A3E0049E7FB /* Products */ = {
			isa = PBXGroup;
			children = (
				A6F4652325592A3E0049E7FB /* TestScroll.app */,
				A6F4653925592A3F0049E7FB /* TestScrollTests.xctest */,
				A6F4654425592A3F0049E7FB /* TestScrollUITests.xctest */,
			);
			name = Products;
			sourceTree = "<group>";
		};
		A6F4652525592A3E0049E7FB /* TestScroll */ = {
			isa = PBXGroup;
			children = (
				A6F4652625592A3E0049E7FB /* AppDelegate.swift */,
				A6F4652825592A3E0049E7FB /* SceneDelegate.swift */,
				A6F4652A25592A3E0049E7FB /* ViewController.swift */,
				A6F4652F25592A3F0049E7FB /* Assets.xcassets */,
				A6F4653125592A3F0049E7FB /* LaunchScreen.storyboard */,
				A6F4653425592A3F0049E7FB /* Info.plist */,
				A6F4656225593A140049E7FB /* Test2ViewController.swift */,
			);
			path = TestScroll;
			sourceTree = "<group>";
		};
		A6F4653C25592A3F0049E7FB /* TestScrollTests */ = {
			isa = PBXGroup;
			children = (
				A6F4653D25592A3F0049E7FB /* TestScrollTests.swift */,
				A6F4653F25592A3F0049E7FB /* Info.plist */,
			);
			path = TestScrollTests;
			sourceTree = "<group>";
		};
		A6F4654725592A3F0049E7FB /* TestScrollUITests */ = {
			isa = PBXGroup;
			children = (
				A6F4654825592A3F0049E7FB /* TestScrollUITests.swift */,
				A6F4654A25592A3F0049E7FB /* Info.plist */,
			);
			path = TestScrollUITests;
			sourceTree = "<group>";
		};
/* End PBXGroup section */

/* Begin PBXNativeTarget section */
		A6F4652225592A3E0049E7FB /* TestScroll */ = {
			isa = PBXNativeTarget;
			buildConfigurationList = A6F4654D25592A3F0049E7FB /* Build configuration list for PBXNativeTarget "TestScroll" */;
			buildPhases = (
				A6F4651F25592A3E0049E7FB /* Sources */,
				A6F4652025592A3E0049E7FB /* Frameworks */,
				A6F4652125592A3E0049E7FB /* Resources */,
			);
			buildRules = (
			);
			dependencies = (
			);
			name = TestScroll;
			productName = TestScroll;
			productReference = A6F4652325592A3E0049E7FB /* TestScroll.app */;
			productType = "com.apple.product-type.application";
		};
		A6F4653825592A3F0049E7FB /* TestScrollTests */ = {
			isa = PBXNativeTarget;
			buildConfigurationList = A6F4655025592A3F0049E7FB /* Build configuration list for PBXNativeTarget "TestScrollTests" */;
			buildPhases = (
				A6F4653525592A3F0049E7FB /* Sources */,
				A6F4653625592A3F0049E7FB /* Frameworks */,
				A6F4653725592A3F0049E7FB /* Resources */,
			);
			buildRules = (
			);
			dependencies = (
				A6F4653B25592A3F0049E7FB /* PBXTargetDependency */,
			);
			name = TestScrollTests;
			productName = TestScrollTests;
			productReference = A6F4653925592A3F0049E7FB /* TestScrollTests.xctest */;
			productType = "com.apple.product-type.bundle.unit-test";
		};
		A6F4654325592A3F0049E7FB /* TestScrollUITests */ = {
			isa = PBXNativeTarget;
			buildConfigurationList = A6F4655325592A3F0049E7FB /* Build configuration list for PBXNativeTarget "TestScrollUITests" */;
			buildPhases = (
				A6F4654025592A3F0049E7FB /* Sources */,
				A6F4654125592A3F0049E7FB /* Frameworks */,
				A6F4654225592A3F0049E7FB /* Resources */,
			);
			buildRules = (
			);
			dependencies = (
				A6F4654625592A3F0049E7FB /* PBXTargetDependency */,
			);
			name = TestScrollUITests;
			productName = TestScrollUITests;
			productReference = A6F4654425592A3F0049E7FB /* TestScrollUITests.xctest */;
			productType = "com.apple.product-type.bundle.ui-testing";
		};
/* End PBXNativeTarget section */

/* Begin PBXProject section */
		A6F4651B25592A3E0049E7FB /* Project object */ = {
			isa = PBXProject;
			attributes = {
				LastSwiftUpdateCheck = 1210;
				LastUpgradeCheck = 1210;
				TargetAttributes = {
					A6F4652225592A3E0049E7FB = {
						CreatedOnToolsVersion = 12.1;
					};
					A6F4653825592A3F0049E7FB = {
						CreatedOnToolsVersion = 12.1;
						TestTargetID = A6F4652225592A3E0049E7FB;
					};
					A6F4654325592A3F0049E7FB = {
						CreatedOnToolsVersion = 12.1;
						TestTargetID = A6F4652225592A3E0049E7FB;
					};
				};
			};
			buildConfigurationList = A6F4651E25592A3E0049E7FB /* Build configuration list for PBXProject "TestScroll" */;
			compatibilityVersion = "Xcode 9.3";
			developmentRegion = en;
			hasScannedForEncodings = 0;
			knownRegions = (
				en,
				Base,
			);
			mainGroup = A6F4651A25592A3E0049E7FB;
			productRefGroup = A6F4652425592A3E0049E7FB /* Products */;
			projectDirPath = "";
			projectRoot = "";
			targets = (
				A6F4652225592A3E0049E7FB /* TestScroll */,
				A6F4653825592A3F0049E7FB /* TestScrollTests */,
				A6F4654325592A3F0049E7FB /* TestScrollUITests */,
			);
		};
/* End PBXProject section */

/* Begin PBXResourcesBuildPhase section */
		A6F4652125592A3E0049E7FB /* Resources */ = {
			isa = PBXResourcesBuildPhase;
			buildActionMask = 2147483647;
			files = (
				A6F4653325592A3F0049E7FB /* LaunchScreen.storyboard in Resources */,
				A6F4653025592A3F0049E7FB /* Assets.xcassets in Resources */,
			);
			runOnlyForDeploymentPostprocessing = 0;
		};
		A6F4653725592A3F0049E7FB /* Resources */ = {
			isa = PBXResourcesBuildPhase;
			buildActionMask = 2147483647;
			files = (
			);
			runOnlyForDeploymentPostprocessing = 0;
		};
		A6F4654225592A3F0049E7FB /* Resources */ = {
			isa = PBXResourcesBuildPhase;
			buildActionMask = 2147483647;
			files = (
			);
			runOnlyForDeploymentPostprocessing = 0;
		};
/* End PBXResourcesBuildPhase section */

/* Begin PBXSourcesBuildPhase section */
		A6F4651F25592A3E0049E7FB /* Sources */ = {
			isa = PBXSourcesBuildPhase;
			buildActionMask = 2147483647;
			files = (
				A6F4652B25592A3E0049E7FB /* ViewController.swift in Sources */,
				A6F4656325593A140049E7FB /* Test2ViewController.swift in Sources */,
				A6F4652725592A3E0049E7FB /* AppDelegate.swift in Sources */,
				A6F4652925592A3E0049E7FB /* SceneDelegate.swift in Sources */,
			);
			runOnlyForDeploymentPostprocessing = 0;
		};
		A6F4653525592A3F0049E7FB /* Sources */ = {
			isa = PBXSourcesBuildPhase;
			buildActionMask = 2147483647;
			files = (
				A6F4653E25592A3F0049E7FB /* TestScrollTests.swift in Sources */,
			);
			runOnlyForDeploymentPostprocessing = 0;
		};
		A6F4654025592A3F0049E7FB /* Sources */ = {
			isa = PBXSourcesBuildPhase;
			buildActionMask = 2147483647;
			files = (
				A6F4654925592A3F0049E7FB /* TestScrollUITests.swift in Sources */,
			);
			runOnlyForDeploymentPostprocessing = 0;
		};
/* End PBXSourcesBuildPhase section */

/* Begin PBXTargetDependency section */
		A6F4653B25592A3F0049E7FB /* PBXTargetDependency */ = {
			isa = PBXTargetDependency;
			target = A6F4652225592A3E0049E7FB /* TestScroll */;
			targetProxy = A6F4653A25592A3F0049E7FB /* PBXContainerItemProxy */;
		};
		A6F4654625592A3F0049E7FB /* PBXTargetDependency */ = {
			isa = PBXTargetDependency;
			target = A6F4652225592A3E0049E7FB /* TestScroll */;
			targetProxy = A6F4654525592A3F0049E7FB /* PBXContainerItemProxy */;
		};
/* End PBXTargetDependency section */

/* Begin PBXVariantGroup section */
		A6F4653125592A3F0049E7FB /* LaunchScreen.storyboard */ = {
			isa = PBXVariantGroup;
			children = (
				A6F4653225592A3F0049E7FB /* Base */,
			);
			name = LaunchScreen.storyboard;
			sourceTree = "<group>";
		};
/* End PBXVariantGroup section */

/* Begin XCBuildConfiguration section */
		A6F4654B25592A3F0049E7FB /* Debug */ = {
			isa = XCBuildConfiguration;
			buildSettings = {
				ALWAYS_SEARCH_USER_PATHS = NO;
				CLANG_ANALYZER_NONNULL = YES;
				CLANG_ANALYZER_NUMBER_OBJECT_CONVERSION = YES_AGGRESSIVE;
				CLANG_CXX_LANGUAGE_STANDARD = "gnu++14";
				CLANG_CXX_LIBRARY = "libc++";
				CLANG_ENABLE_MODULES = YES;
				CLANG_ENABLE_OBJC_ARC = YES;
				CLANG_ENABLE_OBJC_WEAK = YES;
				CLANG_WARN_BLOCK_CAPTURE_AUTORELEASING = YES;
				CLANG_WARN_BOOL_CONVERSION = YES;
				CLANG_WARN_COMMA = YES;
				CLANG_WARN_CONSTANT_CONVERSION = YES;
				CLANG_WARN_DEPRECATED_OBJC_IMPLEMENTATIONS = YES;
				CLANG_WARN_DIRECT_OBJC_ISA_USAGE = YES_ERROR;
				CLANG_WARN_DOCUMENTATION_COMMENTS = YES;
				CLANG_WARN_EMPTY_BODY = YES;
				CLANG_WARN_ENUM_CONVERSION = YES;
				CLANG_WARN_INFINITE_RECURSION = YES;
				CLANG_WARN_INT_CONVERSION = YES;
				CLANG_WARN_NON_LITERAL_NULL_CONVERSION = YES;
				CLANG_WARN_OBJC_IMPLICIT_RETAIN_SELF = YES;
				CLANG_WARN_OBJC_LITERAL_CONVERSION = YES;
				CLANG_WARN_OBJC_ROOT_CLASS = YES_ERROR;
				CLANG_WARN_QUOTED_INCLUDE_IN_FRAMEWORK_HEADER = YES;
				CLANG_WARN_RANGE_LOOP_ANALYSIS = YES;
				CLANG_WARN_STRICT_PROTOTYPES = YES;
				CLANG_WARN_SUSPICIOUS_MOVE = YES;
				CLANG_WARN_UNGUARDED_AVAILABILITY = YES_AGGRESSIVE;
				CLANG_WARN_UNREACHABLE_CODE = YES;
				CLANG_WARN__DUPLICATE_METHOD_MATCH = YES;
				COPY_PHASE_STRIP = NO;
				DEBUG_INFORMATION_FORMAT = dwarf;
				ENABLE_STRICT_OBJC_MSGSEND = YES;
				ENABLE_TESTABILITY = YES;
				GCC_C_LANGUAGE_STANDARD = gnu11;
				GCC_DYNAMIC_NO_PIC = NO;
				GCC_NO_COMMON_BLOCKS = YES;
				GCC_OPTIMIZATION_LEVEL = 0;
				GCC_PREPROCESSOR_DEFINITIONS = (
					"DEBUG=1",
					"$(inherited)",
				);
				GCC_WARN_64_TO_32_BIT_CONVERSION = YES;
				GCC_WARN_ABOUT_RETURN_TYPE = YES_ERROR;
				GCC_WARN_UNDECLARED_SELECTOR = YES;
				GCC_WARN_UNINITIALIZED_AUTOS = YES_AGGRESSIVE;
				GCC_WARN_UNUSED_FUNCTION = YES;
				GCC_WARN_UNUSED_VARIABLE = YES;
				IPHONEOS_DEPLOYMENT_TARGET = 14.1;
				MTL_ENABLE_DEBUG_INFO = INCLUDE_SOURCE;
				MTL_FAST_MATH = YES;
				ONLY_ACTIVE_ARCH = YES;
				SDKROOT = iphoneos;
				SWIFT_ACTIVE_COMPILATION_CONDITIONS = DEBUG;
				SWIFT_OPTIMIZATION_LEVEL = "-Onone";
			};
			name = Debug;
		};
		A6F4654C25592A3F0049E7FB /* Release */ = {
			isa = XCBuildConfiguration;
			buildSettings = {
				ALWAYS_SEARCH_USER_PATHS = NO;
				CLANG_ANALYZER_NONNULL = YES;
				CLANG_ANALYZER_NUMBER_OBJECT_CONVERSION = YES_AGGRESSIVE;
				CLANG_CXX_LANGUAGE_STANDARD = "gnu++14";
				CLANG_CXX_LIBRARY = "libc++";
				CLANG_ENABLE_MODULES = YES;
				CLANG_ENABLE_OBJC_ARC = YES;
				CLANG_ENABLE_OBJC_WEAK = YES;
				CLANG_WARN_BLOCK_CAPTURE_AUTORELEASING = YES;
				CLANG_WARN_BOOL_CONVERSION = YES;
				CLANG_WARN_COMMA = YES;
				CLANG_WARN_CONSTANT_CONVERSION = YES;
				CLANG_WARN_DEPRECATED_OBJC_IMPLEMENTATIONS = YES;
				CLANG_WARN_DIRECT_OBJC_ISA_USAGE = YES_ERROR;
				CLANG_WARN_DOCUMENTATION_COMMENTS = YES;
				CLANG_WARN_EMPTY_BODY = YES;
				CLANG_WARN_ENUM_CONVERSION = YES;
				CLANG_WARN_INFINITE_RECURSION = YES;
				CLANG_WARN_INT_CONVERSION = YES;
				CLANG_WARN_NON_LITERAL_NULL_CONVERSION = YES;
				CLANG_WARN_OBJC_IMPLICIT_RETAIN_SELF = YES;
				CLANG_WARN_OBJC_LITERAL_CONVERSION = YES;
				CLANG_WARN_OBJC_ROOT_CLASS = YES_ERROR;
				CLANG_WARN_QUOTED_INCLUDE_IN_FRAMEWORK_HEADER = YES;
				CLANG_WARN_RANGE_LOOP_ANALYSIS = YES;
				CLANG_WARN_STRICT_PROTOTYPES = YES;
				CLANG_WARN_SUSPICIOUS_MOVE = YES;
				CLANG_WARN_UNGUARDED_AVAILABILITY = YES_AGGRESSIVE;
				CLANG_WARN_UNREACHABLE_CODE = YES;
				CLANG_WARN__DUPLICATE_METHOD_MATCH = YES;
				COPY_PHASE_STRIP = NO;
				DEBUG_INFORMATION_FORMAT = "dwarf-with-dsym";
				ENABLE_NS_ASSERTIONS = NO;
				ENABLE_STRICT_OBJC_MSGSEND = YES;
				GCC_C_LANGUAGE_STANDARD = gnu11;
				GCC_NO_COMMON_BLOCKS = YES;
				GCC_WARN_64_TO_32_BIT_CONVERSION = YES;
				GCC_WARN_ABOUT_RETURN_TYPE = YES_ERROR;
				GCC_WARN_UNDECLARED_SELECTOR = YES;
				GCC_WARN_UNINITIALIZED_AUTOS = YES_AGGRESSIVE;
				GCC_WARN_UNUSED_FUNCTION = YES;
				GCC_WARN_UNUSED_VARIABLE = YES;
				IPHONEOS_DEPLOYMENT_TARGET = 14.1;
				MTL_ENABLE_DEBUG_INFO = NO;
				MTL_FAST_MATH = YES;
				SDKROOT = iphoneos;
				SWIFT_COMPILATION_MODE = wholemodule;
				SWIFT_OPTIMIZATION_LEVEL = "-O";
				VALIDATE_PRODUCT = YES;
			};
			name = Release;
		};
		A6F4654E25592A3F0049E7FB /* Debug */ = {
			isa = XCBuildConfiguration;
			buildSettings = {
				ASSETCATALOG_COMPILER_APPICON_NAME = AppIcon;
				ASSETCATALOG_COMPILER_GLOBAL_ACCENT_COLOR_NAME = AccentColor;
				CODE_SIGN_STYLE = Automatic;
				DEVELOPMENT_TEAM = 99K8ZJ33W7;
				INFOPLIST_FILE = TestScroll/Info.plist;
				IPHONEOS_DEPLOYMENT_TARGET = 13.0;
				LD_RUNPATH_SEARCH_PATHS = (
					"$(inherited)",
					"@executable_path/Frameworks",
				);
				PRODUCT_BUNDLE_IDENTIFIER = es.sotronic.signature.TestScroll;
				PRODUCT_NAME = "$(TARGET_NAME)";
				SWIFT_VERSION = 5.0;
				TARGETED_DEVICE_FAMILY = "1,2";
			};
			name = Debug;
		};
		A6F4654F25592A3F0049E7FB /* Release */ = {
			isa = XCBuildConfiguration;
			buildSettings = {
				ASSETCATALOG_COMPILER_APPICON_NAME = AppIcon;
				ASSETCATALOG_COMPILER_GLOBAL_ACCENT_COLOR_NAME = AccentColor;
				CODE_SIGN_STYLE = Automatic;
				DEVELOPMENT_TEAM = 99K8ZJ33W7;
				INFOPLIST_FILE = TestScroll/Info.plist;
				IPHONEOS_DEPLOYMENT_TARGET = 13.0;
				LD_RUNPATH_SEARCH_PATHS = (
					"$(inherited)",
					"@executable_path/Frameworks",
				);
				PRODUCT_BUNDLE_IDENTIFIER = es.sotronic.signature.TestScroll;
				PRODUCT_NAME = "$(TARGET_NAME)";
				SWIFT_VERSION = 5.0;
				TARGETED_DEVICE_FAMILY = "1,2";
			};
			name = Release;
		};
		A6F4655125592A3F0049E7FB /* Debug */ = {
			isa = XCBuildConfiguration;
			buildSettings = {
				ALWAYS_EMBED_SWIFT_STANDARD_LIBRARIES = YES;
				BUNDLE_LOADER = "$(TEST_HOST)";
				CODE_SIGN_STYLE = Automatic;
				INFOPLIST_FILE = TestScrollTests/Info.plist;
				IPHONEOS_DEPLOYMENT_TARGET = 14.1;
				LD_RUNPATH_SEARCH_PATHS = (
					"$(inherited)",
					"@executable_path/Frameworks",
					"@loader_path/Frameworks",
				);
				PRODUCT_BUNDLE_IDENTIFIER = es.sotronic.signature.TestScrollTests;
				PRODUCT_NAME = "$(TARGET_NAME)";
				SWIFT_VERSION = 5.0;
				TARGETED_DEVICE_FAMILY = "1,2";
				TEST_HOST = "$(BUILT_PRODUCTS_DIR)/TestScroll.app/TestScroll";
			};
			name = Debug;
		};
		A6F4655225592A3F0049E7FB /* Release */ = {
			isa = XCBuildConfiguration;
			buildSettings = {
				ALWAYS_EMBED_SWIFT_STANDARD_LIBRARIES = YES;
				BUNDLE_LOADER = "$(TEST_HOST)";
				CODE_SIGN_STYLE = Automatic;
				INFOPLIST_FILE = TestScrollTests/Info.plist;
				IPHONEOS_DEPLOYMENT_TARGET = 14.1;
				LD_RUNPATH_SEARCH_PATHS = (
					"$(inherited)",
					"@executable_path/Frameworks",
					"@loader_path/Frameworks",
				);
				PRODUCT_BUNDLE_IDENTIFIER = es.sotronic.signature.TestScrollTests;
				PRODUCT_NAME = "$(TARGET_NAME)";
				SWIFT_VERSION = 5.0;
				TARGETED_DEVICE_FAMILY = "1,2";
				TEST_HOST = "$(BUILT_PRODUCTS_DIR)/TestScroll.app/TestScroll";
			};
			name = Release;
		};
		A6F4655425592A3F0049E7FB /* Debug */ = {
			isa = XCBuildConfiguration;
			buildSettings = {
				ALWAYS_EMBED_SWIFT_STANDARD_LIBRARIES = YES;
				CODE_SIGN_STYLE = Automatic;
				INFOPLIST_FILE = TestScrollUITests/Info.plist;
				LD_RUNPATH_SEARCH_PATHS = (
					"$(inherited)",
					"@executable_path/Frameworks",
					"@loader_path/Frameworks",
				);
				PRODUCT_BUNDLE_IDENTIFIER = es.sotronic.signature.TestScrollUITests;
				PRODUCT_NAME = "$(TARGET_NAME)";
				SWIFT_VERSION = 5.0;
				TARGETED_DEVICE_FAMILY = "1,2";
				TEST_TARGET_NAME = TestScroll;
			};
			name = Debug;
		};
		A6F4655525592A3F0049E7FB /* Release */ = {
			isa = XCBuildConfiguration;
			buildSettings = {
				ALWAYS_EMBED_SWIFT_STANDARD_LIBRARIES = YES;
				CODE_SIGN_STYLE = Automatic;
				INFOPLIST_FILE = TestScrollUITests/Info.plist;
				LD_RUNPATH_SEARCH_PATHS = (
					"$(inherited)",
					"@executable_path/Frameworks",
					"@loader_path/Frameworks",
				);
				PRODUCT_BUNDLE_IDENTIFIER = es.sotronic.signature.TestScrollUITests;
				PRODUCT_NAME = "$(TARGET_NAME)";
				SWIFT_VERSION = 5.0;
				TARGETED_DEVICE_FAMILY = "1,2";
				TEST_TARGET_NAME = TestScroll;
			};
			name = Release;
		};
/* End XCBuildConfiguration section */

/* Begin XCConfigurationList section */
		A6F4651E25592A3E0049E7FB /* Build configuration list for PBXProject "TestScroll" */ = {
			isa = XCConfigurationList;
			buildConfigurations = (
				A6F4654B25592A3F0049E7FB /* Debug */,
				A6F4654C25592A3F0049E7FB /* Release */,
			);
			defaultConfigurationIsVisible = 0;
			defaultConfigurationName = Release;
		};
		A6F4654D25592A3F0049E7FB /* Build configuration list for PBXNativeTarget "TestScroll" */ = {
			isa = XCConfigurationList;
			buildConfigurations = (
				A6F4654E25592A3F0049E7FB /* Debug */,
				A6F4654F25592A3F0049E7FB /* Release */,
			);
			defaultConfigurationIsVisible = 0;
			defaultConfigurationName = Release;
		};
		A6F4655025592A3F0049E7FB /* Build configuration list for PBXNativeTarget "TestScrollTests" */ = {
			isa = XCConfigurationList;
			buildConfigurations = (
				A6F4655125592A3F0049E7FB /* Debug */,
				A6F4655225592A3F0049E7FB /* Release */,
			);
			defaultConfigurationIsVisible = 0;
			defaultConfigurationName = Release;
		};
		A6F4655325592A3F0049E7FB /* Build configuration list for PBXNativeTarget "TestScrollUITests" */ = {
			isa = XCConfigurationList;
			buildConfigurations = (
				A6F4655425592A3F0049E7FB /* Debug */,
				A6F4655525592A3F0049E7FB /* Release */,
			);
			defaultConfigurationIsVisible = 0;
			defaultConfigurationName = Release;
		};
/* End XCConfigurationList section */
	};
	rootObject = A6F4651B25592A3E0049E7FB /* Project object */;
}
